// !$*UTF8*$!
{
	archiveVersion = 1;
	classes = {
	};
	objectVersion = 50;
	objects = {

/* Begin PBXBuildFile section */
		2846954E248441F700783AE6 /* AppDelegate.swift in Sources */ = {isa = PBXBuildFile; fileRef = 2846954D248441F700783AE6 /* AppDelegate.swift */; };
		28469550248441F700783AE6 /* SceneDelegate.swift in Sources */ = {isa = PBXBuildFile; fileRef = 2846954F248441F700783AE6 /* SceneDelegate.swift */; };
		28469552248441F700783AE6 /* ViewController.swift in Sources */ = {isa = PBXBuildFile; fileRef = 28469551248441F700783AE6 /* ViewController.swift */; };
		28469555248441F700783AE6 /* Main.storyboard in Resources */ = {isa = PBXBuildFile; fileRef = 28469553248441F700783AE6 /* Main.storyboard */; };
		28469557248441FB00783AE6 /* Assets.xcassets in Resources */ = {isa = PBXBuildFile; fileRef = 28469556248441FB00783AE6 /* Assets.xcassets */; };
		2846955A248441FB00783AE6 /* LaunchScreen.storyboard in Resources */ = {isa = PBXBuildFile; fileRef = 28469558248441FB00783AE6 /* LaunchScreen.storyboard */; };
		28469565248441FC00783AE6 /* CovertCoordinatorsTests.swift in Sources */ = {isa = PBXBuildFile; fileRef = 28469564248441FC00783AE6 /* CovertCoordinatorsTests.swift */; };
/* End PBXBuildFile section */

/* Begin PBXContainerItemProxy section */
		28469561248441FC00783AE6 /* PBXContainerItemProxy */ = {
			isa = PBXContainerItemProxy;
			containerPortal = 28469542248441F700783AE6 /* Project object */;
			proxyType = 1;
			remoteGlobalIDString = 28469549248441F700783AE6;
			remoteInfo = CovertCoordinators;
		};
/* End PBXContainerItemProxy section */

/* Begin PBXFileReference section */
		2846954A248441F700783AE6 /* CovertCoordinators.app */ = {isa = PBXFileReference; explicitFileType = wrapper.application; includeInIndex = 0; path = CovertCoordinators.app; sourceTree = BUILT_PRODUCTS_DIR; };
		2846954D248441F700783AE6 /* AppDelegate.swift */ = {isa = PBXFileReference; lastKnownFileType = sourcecode.swift; path = AppDelegate.swift; sourceTree = "<group>"; };
		2846954F248441F700783AE6 /* SceneDelegate.swift */ = {isa = PBXFileReference; lastKnownFileType = sourcecode.swift; path = SceneDelegate.swift; sourceTree = "<group>"; };
		28469551248441F700783AE6 /* ViewController.swift */ = {isa = PBXFileReference; lastKnownFileType = sourcecode.swift; path = ViewController.swift; sourceTree = "<group>"; };
		28469554248441F700783AE6 /* Base */ = {isa = PBXFileReference; lastKnownFileType = file.storyboard; name = Base; path = Base.lproj/Main.storyboard; sourceTree = "<group>"; };
		28469556248441FB00783AE6 /* Assets.xcassets */ = {isa = PBXFileReference; lastKnownFileType = folder.assetcatalog; path = Assets.xcassets; sourceTree = "<group>"; };
		28469559248441FB00783AE6 /* Base */ = {isa = PBXFileReference; lastKnownFileType = file.storyboard; name = Base; path = Base.lproj/LaunchScreen.storyboard; sourceTree = "<group>"; };
		2846955B248441FB00783AE6 /* Info.plist */ = {isa = PBXFileReference; lastKnownFileType = text.plist.xml; path = Info.plist; sourceTree = "<group>"; };
		28469560248441FC00783AE6 /* CovertCoordinatorsTests.xctest */ = {isa = PBXFileReference; explicitFileType = wrapper.cfbundle; includeInIndex = 0; path = CovertCoordinatorsTests.xctest; sourceTree = BUILT_PRODUCTS_DIR; };
		28469564248441FC00783AE6 /* CovertCoordinatorsTests.swift */ = {isa = PBXFileReference; lastKnownFileType = sourcecode.swift; path = CovertCoordinatorsTests.swift; sourceTree = "<group>"; };
		28469566248441FC00783AE6 /* Info.plist */ = {isa = PBXFileReference; lastKnownFileType = text.plist.xml; path = Info.plist; sourceTree = "<group>"; };
/* End PBXFileReference section */

/* Begin PBXFrameworksBuildPhase section */
		28469547248441F700783AE6 /* Frameworks */ = {
			isa = PBXFrameworksBuildPhase;
			buildActionMask = 2147483647;
			files = (
			);
			runOnlyForDeploymentPostprocessing = 0;
		};
		2846955D248441FC00783AE6 /* Frameworks */ = {
			isa = PBXFrameworksBuildPhase;
			buildActionMask = 2147483647;
			files = (
			);
			runOnlyForDeploymentPostprocessing = 0;
		};
/* End PBXFrameworksBuildPhase section */

/* Begin PBXGroup section */
		28469541248441F700783AE6 = {
			isa = PBXGroup;
			children = (
				2846954C248441F700783AE6 /* CovertCoordinators */,
				28469563248441FC00783AE6 /* CovertCoordinatorsTests */,
				2846954B248441F700783AE6 /* Products */,
			);
			sourceTree = "<group>";
		};
		2846954B248441F700783AE6 /* Products */ = {
			isa = PBXGroup;
			children = (
				2846954A248441F700783AE6 /* CovertCoordinators.app */,
				28469560248441FC00783AE6 /* CovertCoordinatorsTests.xctest */,
			);
			name = Products;
			sourceTree = "<group>";
		};
		2846954C248441F700783AE6 /* CovertCoordinators */ = {
			isa = PBXGroup;
			children = (
				2846954D248441F700783AE6 /* AppDelegate.swift */,
				2846954F248441F700783AE6 /* SceneDelegate.swift */,
				28469551248441F700783AE6 /* ViewController.swift */,
				28469553248441F700783AE6 /* Main.storyboard */,
				28469556248441FB00783AE6 /* Assets.xcassets */,
				28469558248441FB00783AE6 /* LaunchScreen.storyboard */,
				2846955B248441FB00783AE6 /* Info.plist */,
			);
			path = CovertCoordinators;
			sourceTree = "<group>";
		};
		28469563248441FC00783AE6 /* CovertCoordinatorsTests */ = {
			isa = PBXGroup;
			children = (
				28469564248441FC00783AE6 /* CovertCoordinatorsTests.swift */,
				28469566248441FC00783AE6 /* Info.plist */,
			);
			path = CovertCoordinatorsTests;
			sourceTree = "<group>";
		};
/* End PBXGroup section */

/* Begin PBXNativeTarget section */
		28469549248441F700783AE6 /* CovertCoordinators */ = {
			isa = PBXNativeTarget;
			buildConfigurationList = 28469569248441FC00783AE6 /* Build configuration list for PBXNativeTarget "CovertCoordinators" */;
			buildPhases = (
				28469546248441F700783AE6 /* Sources */,
				28469547248441F700783AE6 /* Frameworks */,
				28469548248441F700783AE6 /* Resources */,
			);
			buildRules = (
			);
			dependencies = (
			);
			name = CovertCoordinators;
			productName = CovertCoordinators;
			productReference = 2846954A248441F700783AE6 /* CovertCoordinators.app */;
			productType = "com.apple.product-type.application";
		};
		2846955F248441FC00783AE6 /* CovertCoordinatorsTests */ = {
			isa = PBXNativeTarget;
			buildConfigurationList = 2846956C248441FC00783AE6 /* Build configuration list for PBXNativeTarget "CovertCoordinatorsTests" */;
			buildPhases = (
				2846955C248441FC00783AE6 /* Sources */,
				2846955D248441FC00783AE6 /* Frameworks */,
				2846955E248441FC00783AE6 /* Resources */,
			);
			buildRules = (
			);
			dependencies = (
				28469562248441FC00783AE6 /* PBXTargetDependency */,
			);
			name = CovertCoordinatorsTests;
			productName = CovertCoordinatorsTests;
			productReference = 28469560248441FC00783AE6 /* CovertCoordinatorsTests.xctest */;
			productType = "com.apple.product-type.bundle.unit-test";
		};
/* End PBXNativeTarget section */

/* Begin PBXProject section */
		28469542248441F700783AE6 /* Project object */ = {
			isa = PBXProject;
			attributes = {
				LastSwiftUpdateCheck = 1140;
				LastUpgradeCheck = 1140;
				ORGANIZATIONNAME = io.github.ahmedkhalaf;
				TargetAttributes = {
					28469549248441F700783AE6 = {
						CreatedOnToolsVersion = 11.4.1;
					};
					2846955F248441FC00783AE6 = {
						CreatedOnToolsVersion = 11.4.1;
						TestTargetID = 28469549248441F700783AE6;
					};
				};
			};
			buildConfigurationList = 28469545248441F700783AE6 /* Build configuration list for PBXProject "CovertCoordinators" */;
			compatibilityVersion = "Xcode 9.3";
			developmentRegion = en;
			hasScannedForEncodings = 0;
			knownRegions = (
				en,
				Base,
			);
			mainGroup = 28469541248441F700783AE6;
			productRefGroup = 2846954B248441F700783AE6 /* Products */;
			projectDirPath = "";
			projectRoot = "";
			targets = (
				28469549248441F700783AE6 /* CovertCoordinators */,
				2846955F248441FC00783AE6 /* CovertCoordinatorsTests */,
			);
		};
/* End PBXProject section */

/* Begin PBXResourcesBuildPhase section */
		28469548248441F700783AE6 /* Resources */ = {
			isa = PBXResourcesBuildPhase;
			buildActionMask = 2147483647;
			files = (
				2846955A248441FB00783AE6 /* LaunchScreen.storyboard in Resources */,
				28469557248441FB00783AE6 /* Assets.xcassets in Resources */,
				28469555248441F700783AE6 /* Main.storyboard in Resources */,
			);
			runOnlyForDeploymentPostprocessing = 0;
		};
		2846955E248441FC00783AE6 /* Resources */ = {
			isa = PBXResourcesBuildPhase;
			buildActionMask = 2147483647;
			files = (
			);
			runOnlyForDeploymentPostprocessing = 0;
		};
/* End PBXResourcesBuildPhase section */

/* Begin PBXSourcesBuildPhase section */
		28469546248441F700783AE6 /* Sources */ = {
			isa = PBXSourcesBuildPhase;
			buildActionMask = 2147483647;
			files = (
				28469552248441F700783AE6 /* ViewController.swift in Sources */,
				2846954E248441F700783AE6 /* AppDelegate.swift in Sources */,
				28469550248441F700783AE6 /* SceneDelegate.swift in Sources */,
			);
			runOnlyForDeploymentPostprocessing = 0;
		};
		2846955C248441FC00783AE6 /* Sources */ = {
			isa = PBXSourcesBuildPhase;
			buildActionMask = 2147483647;
			files = (
				28469565248441FC00783AE6 /* CovertCoordinatorsTests.swift in Sources */,
			);
			runOnlyForDeploymentPostprocessing = 0;
		};
/* End PBXSourcesBuildPhase section */

/* Begin PBXTargetDependency section */
		28469562248441FC00783AE6 /* PBXTargetDependency */ = {
			isa = PBXTargetDependency;
			target = 28469549248441F700783AE6 /* CovertCoordinators */;
			targetProxy = 28469561248441FC00783AE6 /* PBXContainerItemProxy */;
		};
/* End PBXTargetDependency section */

/* Begin PBXVariantGroup section */
		28469553248441F700783AE6 /* Main.storyboard */ = {
			isa = PBXVariantGroup;
			children = (
				28469554248441F700783AE6 /* Base */,
			);
			name = Main.storyboard;
			sourceTree = "<group>";
		};
		28469558248441FB00783AE6 /* LaunchScreen.storyboard */ = {
			isa = PBXVariantGroup;
			children = (
				28469559248441FB00783AE6 /* Base */,
			);
			name = LaunchScreen.storyboard;
			sourceTree = "<group>";
		};
/* End PBXVariantGroup section */

/* Begin XCBuildConfiguration section */
		28469567248441FC00783AE6 /* Debug */ = {
			isa = XCBuildConfiguration;
			buildSettings = {
				ALWAYS_SEARCH_USER_PATHS = NO;
				CLANG_ANALYZER_NONNULL = YES;
				CLANG_ANALYZER_NUMBER_OBJECT_CONVERSION = YES_AGGRESSIVE;
				CLANG_CXX_LANGUAGE_STANDARD = "gnu++14";
				CLANG_CXX_LIBRARY = "libc++";
				CLANG_ENABLE_MODULES = YES;
				CLANG_ENABLE_OBJC_ARC = YES;
				CLANG_ENABLE_OBJC_WEAK = YES;
				CLANG_WARN_BLOCK_CAPTURE_AUTORELEASING = YES;
				CLANG_WARN_BOOL_CONVERSION = YES;
				CLANG_WARN_COMMA = YES;
				CLANG_WARN_CONSTANT_CONVERSION = YES;
				CLANG_WARN_DEPRECATED_OBJC_IMPLEMENTATIONS = YES;
				CLANG_WARN_DIRECT_OBJC_ISA_USAGE = YES_ERROR;
				CLANG_WARN_DOCUMENTATION_COMMENTS = YES;
				CLANG_WARN_EMPTY_BODY = YES;
				CLANG_WARN_ENUM_CONVERSION = YES;
				CLANG_WARN_INFINITE_RECURSION = YES;
				CLANG_WARN_INT_CONVERSION = YES;
				CLANG_WARN_NON_LITERAL_NULL_CONVERSION = YES;
				CLANG_WARN_OBJC_IMPLICIT_RETAIN_SELF = YES;
				CLANG_WARN_OBJC_LITERAL_CONVERSION = YES;
				CLANG_WARN_OBJC_ROOT_CLASS = YES_ERROR;
				CLANG_WARN_RANGE_LOOP_ANALYSIS = YES;
				CLANG_WARN_STRICT_PROTOTYPES = YES;
				CLANG_WARN_SUSPICIOUS_MOVE = YES;
				CLANG_WARN_UNGUARDED_AVAILABILITY = YES_AGGRESSIVE;
				CLANG_WARN_UNREACHABLE_CODE = YES;
				CLANG_WARN__DUPLICATE_METHOD_MATCH = YES;
				COPY_PHASE_STRIP = NO;
				DEBUG_INFORMATION_FORMAT = dwarf;
				ENABLE_STRICT_OBJC_MSGSEND = YES;
				ENABLE_TESTABILITY = YES;
				GCC_C_LANGUAGE_STANDARD = gnu11;
				GCC_DYNAMIC_NO_PIC = NO;
				GCC_NO_COMMON_BLOCKS = YES;
				GCC_OPTIMIZATION_LEVEL = 0;
				GCC_PREPROCESSOR_DEFINITIONS = (
					"DEBUG=1",
					"$(inherited)",
				);
				GCC_WARN_64_TO_32_BIT_CONVERSION = YES;
				GCC_WARN_ABOUT_RETURN_TYPE = YES_ERROR;
				GCC_WARN_UNDECLARED_SELECTOR = YES;
				GCC_WARN_UNINITIALIZED_AUTOS = YES_AGGRESSIVE;
				GCC_WARN_UNUSED_FUNCTION = YES;
				GCC_WARN_UNUSED_VARIABLE = YES;
				IPHONEOS_DEPLOYMENT_TARGET = 13.4;
				MTL_ENABLE_DEBUG_INFO = INCLUDE_SOURCE;
				MTL_FAST_MATH = YES;
				ONLY_ACTIVE_ARCH = YES;
				SDKROOT = iphoneos;
				SWIFT_ACTIVE_COMPILATION_CONDITIONS = DEBUG;
				SWIFT_OPTIMIZATION_LEVEL = "-Onone";
			};
			name = Debug;
		};
		28469568248441FC00783AE6 /* Release */ = {
			isa = XCBuildConfiguration;
			buildSettings = {
				ALWAYS_SEARCH_USER_PATHS = NO;
				CLANG_ANALYZER_NONNULL = YES;
				CLANG_ANALYZER_NUMBER_OBJECT_CONVERSION = YES_AGGRESSIVE;
				CLANG_CXX_LANGUAGE_STANDARD = "gnu++14";
				CLANG_CXX_LIBRARY = "libc++";
				CLANG_ENABLE_MODULES = YES;
				CLANG_ENABLE_OBJC_ARC = YES;
				CLANG_ENABLE_OBJC_WEAK = YES;
				CLANG_WARN_BLOCK_CAPTURE_AUTORELEASING = YES;
				CLANG_WARN_BOOL_CONVERSION = YES;
				CLANG_WARN_COMMA = YES;
				CLANG_WARN_CONSTANT_CONVERSION = YES;
				CLANG_WARN_DEPRECATED_OBJC_IMPLEMENTATIONS = YES;
				CLANG_WARN_DIRECT_OBJC_ISA_USAGE = YES_ERROR;
				CLANG_WARN_DOCUMENTATION_COMMENTS = YES;
				CLANG_WARN_EMPTY_BODY = YES;
				CLANG_WARN_ENUM_CONVERSION = YES;
				CLANG_WARN_INFINITE_RECURSION = YES;
				CLANG_WARN_INT_CONVERSION = YES;
				CLANG_WARN_NON_LITERAL_NULL_CONVERSION = YES;
				CLANG_WARN_OBJC_IMPLICIT_RETAIN_SELF = YES;
				CLANG_WARN_OBJC_LITERAL_CONVERSION = YES;
				CLANG_WARN_OBJC_ROOT_CLASS = YES_ERROR;
				CLANG_WARN_RANGE_LOOP_ANALYSIS = YES;
				CLANG_WARN_STRICT_PROTOTYPES = YES;
				CLANG_WARN_SUSPICIOUS_MOVE = YES;
				CLANG_WARN_UNGUARDED_AVAILABILITY = YES_AGGRESSIVE;
				CLANG_WARN_UNREACHABLE_CODE = YES;
				CLANG_WARN__DUPLICATE_METHOD_MATCH = YES;
				COPY_PHASE_STRIP = NO;
				DEBUG_INFORMATION_FORMAT = "dwarf-with-dsym";
				ENABLE_NS_ASSERTIONS = NO;
				ENABLE_STRICT_OBJC_MSGSEND = YES;
				GCC_C_LANGUAGE_STANDARD = gnu11;
				GCC_NO_COMMON_BLOCKS = YES;
				GCC_WARN_64_TO_32_BIT_CONVERSION = YES;
				GCC_WARN_ABOUT_RETURN_TYPE = YES_ERROR;
				GCC_WARN_UNDECLARED_SELECTOR = YES;
				GCC_WARN_UNINITIALIZED_AUTOS = YES_AGGRESSIVE;
				GCC_WARN_UNUSED_FUNCTION = YES;
				GCC_WARN_UNUSED_VARIABLE = YES;
				IPHONEOS_DEPLOYMENT_TARGET = 13.4;
				MTL_ENABLE_DEBUG_INFO = NO;
				MTL_FAST_MATH = YES;
				SDKROOT = iphoneos;
				SWIFT_COMPILATION_MODE = wholemodule;
				SWIFT_OPTIMIZATION_LEVEL = "-O";
				VALIDATE_PRODUCT = YES;
			};
			name = Release;
		};
		2846956A248441FC00783AE6 /* Debug */ = {
			isa = XCBuildConfiguration;
			buildSettings = {
				ASSETCATALOG_COMPILER_APPICON_NAME = AppIcon;
				CODE_SIGN_STYLE = Automatic;
				DEVELOPMENT_TEAM = Y699PM52F2;
				INFOPLIST_FILE = CovertCoordinators/Info.plist;
				LD_RUNPATH_SEARCH_PATHS = (
					"$(inherited)",
					"@executable_path/Frameworks",
				);
				PRODUCT_BUNDLE_IDENTIFIER = AK.CovertCoordinators;
				PRODUCT_NAME = "$(TARGET_NAME)";
				SWIFT_VERSION = 5.0;
				TARGETED_DEVICE_FAMILY = "1,2";
			};
			name = Debug;
		};
		2846956B248441FC00783AE6 /* Release */ = {
			isa = XCBuildConfiguration;
			buildSettings = {
				ASSETCATALOG_COMPILER_APPICON_NAME = AppIcon;
				CODE_SIGN_STYLE = Automatic;
				DEVELOPMENT_TEAM = Y699PM52F2;
				INFOPLIST_FILE = CovertCoordinators/Info.plist;
				LD_RUNPATH_SEARCH_PATHS = (
					"$(inherited)",
					"@executable_path/Frameworks",
				);
				PRODUCT_BUNDLE_IDENTIFIER = AK.CovertCoordinators;
				PRODUCT_NAME = "$(TARGET_NAME)";
				SWIFT_VERSION = 5.0;
				TARGETED_DEVICE_FAMILY = "1,2";
			};
			name = Release;
		};
		2846956D248441FC00783AE6 /* Debug */ = {
			isa = XCBuildConfiguration;
			buildSettings = {
				ALWAYS_EMBED_SWIFT_STANDARD_LIBRARIES = YES;
				BUNDLE_LOADER = "$(TEST_HOST)";
				CODE_SIGN_STYLE = Automatic;
				DEVELOPMENT_TEAM = Y699PM52F2;
				INFOPLIST_FILE = CovertCoordinatorsTests/Info.plist;
				IPHONEOS_DEPLOYMENT_TARGET = 13.4;
				LD_RUNPATH_SEARCH_PATHS = (
					"$(inherited)",
					"@executable_path/Frameworks",
					"@loader_path/Frameworks",
				);
				PRODUCT_BUNDLE_IDENTIFIER = AK.CovertCoordinatorsTests;
				PRODUCT_NAME = "$(TARGET_NAME)";
				SWIFT_VERSION = 5.0;
				TARGETED_DEVICE_FAMILY = "1,2";
				TEST_HOST = "$(BUILT_PRODUCTS_DIR)/CovertCoordinators.app/CovertCoordinators";
			};
			name = Debug;
		};
		2846956E248441FC00783AE6 /* Release */ = {
			isa = XCBuildConfiguration;
			buildSettings = {
				ALWAYS_EMBED_SWIFT_STANDARD_LIBRARIES = YES;
				BUNDLE_LOADER = "$(TEST_HOST)";
				CODE_SIGN_STYLE = Automatic;
				DEVELOPMENT_TEAM = Y699PM52F2;
				INFOPLIST_FILE = CovertCoordinatorsTests/Info.plist;
				IPHONEOS_DEPLOYMENT_TARGET = 13.4;
				LD_RUNPATH_SEARCH_PATHS = (
					"$(inherited)",
					"@executable_path/Frameworks",
					"@loader_path/Frameworks",
				);
				PRODUCT_BUNDLE_IDENTIFIER = AK.CovertCoordinatorsTests;
				PRODUCT_NAME = "$(TARGET_NAME)";
				SWIFT_VERSION = 5.0;
				TARGETED_DEVICE_FAMILY = "1,2";
				TEST_HOST = "$(BUILT_PRODUCTS_DIR)/CovertCoordinators.app/CovertCoordinators";
			};
			name = Release;
		};
/* End XCBuildConfiguration section */

/* Begin XCConfigurationList section */
		28469545248441F700783AE6 /* Build configuration list for PBXProject "CovertCoordinators" */ = {
			isa = XCConfigurationList;
			buildConfigurations = (
				28469567248441FC00783AE6 /* Debug */,
				28469568248441FC00783AE6 /* Release */,
			);
			defaultConfigurationIsVisible = 0;
			defaultConfigurationName = Release;
		};
		28469569248441FC00783AE6 /* Build configuration list for PBXNativeTarget "CovertCoordinators" */ = {
			isa = XCConfigurationList;
			buildConfigurations = (
				2846956A248441FC00783AE6 /* Debug */,
				2846956B248441FC00783AE6 /* Release */,
			);
			defaultConfigurationIsVisible = 0;
			defaultConfigurationName = Release;
		};
		2846956C248441FC00783AE6 /* Build configuration list for PBXNativeTarget "CovertCoordinatorsTests" */ = {
			isa = XCConfigurationList;
			buildConfigurations = (
				2846956D248441FC00783AE6 /* Debug */,
				2846956E248441FC00783AE6 /* Release */,
			);
			defaultConfigurationIsVisible = 0;
			defaultConfigurationName = Release;
		};
/* End XCConfigurationList section */
	};
	rootObject = 28469542248441F700783AE6 /* Project object */;
}
